
Microsoft Visual Studio Solution File, Format Version 12.00
# Visual Studio Version 16
VisualStudioVersion = 16.0.30320.27
MinimumVisualStudioVersion = 10.0.40219.1
Project("{9A19103F-16F7-4668-BE54-9A1E7A4F7556}") = "Anybot", "Anybot\Anybot.csproj", "{8F599103-38FA-4722-A5C0-3C33CBCCCAFB}"
EndProject
Project("{9A19103F-16F7-4668-BE54-9A1E7A4F7556}") = "ActivePass", "ActivePass\ActivePass.csproj", "{A3AF2F7F-CAB2-4B7D-8362-986CD56C724C}"
EndProject
Project("{9A19103F-16F7-4668-BE54-9A1E7A4F7556}") = "RoumenBot", "RoumenBot\RoumenBot.csproj", "{C6379F26-7CA0-44C9-9257-1A7DAEE40864}"
EndProject
Project("{2150E333-8FDC-42A3-9474-1A3956D46DE8}") = "Solution Items", "Solution Items", "{18B4BAC0-99E3-46EA-BDC3-223589761DBE}"
	ProjectSection(SolutionItems) = preProject
		.editorconfig = .editorconfig
		Directory.Build.Props = Directory.Build.Props
		Dockerfile = Dockerfile
	EndProjectSection
EndProject
Project("{9A19103F-16F7-4668-BE54-9A1E7A4F7556}") = "RoumenBot.Tests", "RoumenBot.Tests\RoumenBot.Tests.csproj", "{B696EC25-54A1-4F48-BACE-D0FE47F1D3D8}"
EndProject
Project("{9A19103F-16F7-4668-BE54-9A1E7A4F7556}") = "Anybot.Common", "Anybot.Common\Anybot.Common.csproj", "{63BE9906-6535-46F2-BA54-CF95F06C0F2C}"
EndProject
Project("{9A19103F-16F7-4668-BE54-9A1E7A4F7556}") = "Anybot.Common.Tests", "Anybot.Common.Tests\Anybot.Common.Tests.csproj", "{22FEB1D0-385F-4F7E-9963-17DB566638A9}"
EndProject
Project("{9A19103F-16F7-4668-BE54-9A1E7A4F7556}") = "ActivePass.Tests", "ActivePass.Tests\ActivePass.Tests.csproj", "{7D22B8C1-0949-4424-85A4-EFA6238A524E}"
EndProject
Project("{9A19103F-16F7-4668-BE54-9A1E7A4F7556}") = "Sreality", "Sreality\Sreality.csproj", "{81B07356-990B-4A3B-A6C3-CE66F842ED1F}"
EndProject
Project("{9A19103F-16F7-4668-BE54-9A1E7A4F7556}") = "Sreality.Tests", "Sreality.Tests\Sreality.Tests.csproj", "{81D23225-B220-4F3E-9187-77298FC5A852}"
EndProject
Global
	GlobalSection(SolutionConfigurationPlatforms) = preSolution
		Debug|Any CPU = Debug|Any CPU
		Release|Any CPU = Release|Any CPU
	EndGlobalSection
	GlobalSection(ProjectConfigurationPlatforms) = postSolution
		{8F599103-38FA-4722-A5C0-3C33CBCCCAFB}.Debug|Any CPU.ActiveCfg = Debug|Any CPU
		{8F599103-38FA-4722-A5C0-3C33CBCCCAFB}.Debug|Any CPU.Build.0 = Debug|Any CPU
		{8F599103-38FA-4722-A5C0-3C33CBCCCAFB}.Release|Any CPU.ActiveCfg = Release|Any CPU
		{8F599103-38FA-4722-A5C0-3C33CBCCCAFB}.Release|Any CPU.Build.0 = Release|Any CPU
		{A3AF2F7F-CAB2-4B7D-8362-986CD56C724C}.Debug|Any CPU.ActiveCfg = Debug|Any CPU
		{A3AF2F7F-CAB2-4B7D-8362-986CD56C724C}.Debug|Any CPU.Build.0 = Debug|Any CPU
		{A3AF2F7F-CAB2-4B7D-8362-986CD56C724C}.Release|Any CPU.ActiveCfg = Release|Any CPU
		{A3AF2F7F-CAB2-4B7D-8362-986CD56C724C}.Release|Any CPU.Build.0 = Release|Any CPU
		{C6379F26-7CA0-44C9-9257-1A7DAEE40864}.Debug|Any CPU.ActiveCfg = Debug|Any CPU
		{C6379F26-7CA0-44C9-9257-1A7DAEE40864}.Debug|Any CPU.Build.0 = Debug|Any CPU
		{C6379F26-7CA0-44C9-9257-1A7DAEE40864}.Release|Any CPU.ActiveCfg = Release|Any CPU
		{C6379F26-7CA0-44C9-9257-1A7DAEE40864}.Release|Any CPU.Build.0 = Release|Any CPU
		{B696EC25-54A1-4F48-BACE-D0FE47F1D3D8}.Debug|Any CPU.ActiveCfg = Debug|Any CPU
		{B696EC25-54A1-4F48-BACE-D0FE47F1D3D8}.Debug|Any CPU.Build.0 = Debug|Any CPU
		{B696EC25-54A1-4F48-BACE-D0FE47F1D3D8}.Release|Any CPU.ActiveCfg = Release|Any CPU
		{B696EC25-54A1-4F48-BACE-D0FE47F1D3D8}.Release|Any CPU.Build.0 = Release|Any CPU
		{63BE9906-6535-46F2-BA54-CF95F06C0F2C}.Debug|Any CPU.ActiveCfg = Debug|Any CPU
		{63BE9906-6535-46F2-BA54-CF95F06C0F2C}.Debug|Any CPU.Build.0 = Debug|Any CPU
		{63BE9906-6535-46F2-BA54-CF95F06C0F2C}.Release|Any CPU.ActiveCfg = Release|Any CPU
		{63BE9906-6535-46F2-BA54-CF95F06C0F2C}.Release|Any CPU.Build.0 = Release|Any CPU
		{22FEB1D0-385F-4F7E-9963-17DB566638A9}.Debug|Any CPU.ActiveCfg = Debug|Any CPU
		{22FEB1D0-385F-4F7E-9963-17DB566638A9}.Debug|Any CPU.Build.0 = Debug|Any CPU
		{22FEB1D0-385F-4F7E-9963-17DB566638A9}.Release|Any CPU.ActiveCfg = Release|Any CPU
		{22FEB1D0-385F-4F7E-9963-17DB566638A9}.Release|Any CPU.Build.0 = Release|Any CPU
		{7D22B8C1-0949-4424-85A4-EFA6238A524E}.Debug|Any CPU.ActiveCfg = Debug|Any CPU
		{7D22B8C1-0949-4424-85A4-EFA6238A524E}.Debug|Any CPU.Build.0 = Debug|Any CPU
		{7D22B8C1-0949-4424-85A4-EFA6238A524E}.Release|Any CPU.ActiveCfg = Release|Any CPU
		{7D22B8C1-0949-4424-85A4-EFA6238A524E}.Release|Any CPU.Build.0 = Release|Any CPU
		{81B07356-990B-4A3B-A6C3-CE66F842ED1F}.Debug|Any CPU.ActiveCfg = Debug|Any CPU
		{81B07356-990B-4A3B-A6C3-CE66F842ED1F}.Debug|Any CPU.Build.0 = Debug|Any CPU
		{81B07356-990B-4A3B-A6C3-CE66F842ED1F}.Release|Any CPU.ActiveCfg = Release|Any CPU
		{81B07356-990B-4A3B-A6C3-CE66F842ED1F}.Release|Any CPU.Build.0 = Release|Any CPU
		{81D23225-B220-4F3E-9187-77298FC5A852}.Debug|Any CPU.ActiveCfg = Debug|Any CPU
		{81D23225-B220-4F3E-9187-77298FC5A852}.Debug|Any CPU.Build.0 = Debug|Any CPU
		{81D23225-B220-4F3E-9187-77298FC5A852}.Release|Any CPU.ActiveCfg = Release|Any CPU
		{81D23225-B220-4F3E-9187-77298FC5A852}.Release|Any CPU.Build.0 = Release|Any CPU
	EndGlobalSection
	GlobalSection(SolutionProperties) = preSolution
		HideSolutionNode = FALSE
	EndGlobalSection
	GlobalSection(ExtensibilityGlobals) = postSolution
		SolutionGuid = {E5688806-2444-4F41-8672-93398C184B67}
	EndGlobalSection
EndGlobal
